
Microsoft Visual Studio Solution File, Format Version 12.00
# Visual Studio Version 16
VisualStudioVersion = 16.0.29215.179
MinimumVisualStudioVersion = 10.0.40219.1
Project("{FAE04EC0-301F-11D3-BF4B-00C04F79EFBC}") = "WulAiSDK", "WulAiSDK\WulAiSDK.csproj", "{4A001CB8-46BD-43E2-B792-58781BF461BE}"
EndProject
Project("{FAE04EC0-301F-11D3-BF4B-00C04F79EFBC}") = "WulAiSDK-Sample", "WulAiSDK-Sample\WulAiSDK-Sample.csproj", "{58B02522-2A1B-418F-B183-CE2831595A1F}"
EndProject
Project("{FAE04EC0-301F-11D3-BF4B-00C04F79EFBC}") = "WulAiSDK-Tests", "WulAiSDK-Tests\WulAiSDK-Tests.csproj", "{CFD66C4A-1196-4263-B8A7-3F83FE6A2FD6}"
EndProject
Global
	GlobalSection(SolutionConfigurationPlatforms) = preSolution
		Debug|Any CPU = Debug|Any CPU
		Release|Any CPU = Release|Any CPU
	EndGlobalSection
	GlobalSection(ProjectConfigurationPlatforms) = postSolution
		{4A001CB8-46BD-43E2-B792-58781BF461BE}.Debug|Any CPU.ActiveCfg = Debug|Any CPU
		{4A001CB8-46BD-43E2-B792-58781BF461BE}.Debug|Any CPU.Build.0 = Debug|Any CPU
		{4A001CB8-46BD-43E2-B792-58781BF461BE}.Release|Any CPU.ActiveCfg = Release|Any CPU
		{4A001CB8-46BD-43E2-B792-58781BF461BE}.Release|Any CPU.Build.0 = Release|Any CPU
		{58B02522-2A1B-418F-B183-CE2831595A1F}.Debug|Any CPU.ActiveCfg = Debug|Any CPU
		{58B02522-2A1B-418F-B183-CE2831595A1F}.Debug|Any CPU.Build.0 = Debug|Any CPU
		{58B02522-2A1B-418F-B183-CE2831595A1F}.Release|Any CPU.ActiveCfg = Release|Any CPU
		{58B02522-2A1B-418F-B183-CE2831595A1F}.Release|Any CPU.Build.0 = Release|Any CPU
		{CFD66C4A-1196-4263-B8A7-3F83FE6A2FD6}.Debug|Any CPU.ActiveCfg = Debug|Any CPU
		{CFD66C4A-1196-4263-B8A7-3F83FE6A2FD6}.Debug|Any CPU.Build.0 = Debug|Any CPU
		{CFD66C4A-1196-4263-B8A7-3F83FE6A2FD6}.Release|Any CPU.ActiveCfg = Release|Any CPU
		{CFD66C4A-1196-4263-B8A7-3F83FE6A2FD6}.Release|Any CPU.Build.0 = Release|Any CPU
	EndGlobalSection
	GlobalSection(SolutionProperties) = preSolution
		HideSolutionNode = FALSE
	EndGlobalSection
	GlobalSection(ExtensibilityGlobals) = postSolution
		SolutionGuid = {98770CD5-68E7-4749-A111-A5CAC16CBA91}
	EndGlobalSection
EndGlobal
