
Microsoft Visual Studio Solution File, Format Version 12.00
# Visual Studio Version 16
VisualStudioVersion = 16.0.29215.179
MinimumVisualStudioVersion = 10.0.40219.1
Project("{9A19103F-16F7-4668-BE54-9A1E7A4F7556}") = "WulAiSDK", "WulAiSDK\WulAiSDK.csproj", "{4A001CB8-46BD-43E2-B792-58781BF461BE}"
EndProject
Project("{9A19103F-16F7-4668-BE54-9A1E7A4F7556}") = "WulAiSDK-Sample", "WulAiSDK-Sample\WulAiSDK-Sample.csproj", "{58B02522-2A1B-418F-B183-CE2831595A1F}"
EndProject
Global
	GlobalSection(SolutionConfigurationPlatforms) = preSolution
		Debug|Any CPU = Debug|Any CPU
		Release|Any CPU = Release|Any CPU
	EndGlobalSection
	GlobalSection(ProjectConfigurationPlatforms) = postSolution
		{4A001CB8-46BD-43E2-B792-58781BF461BE}.Debug|Any CPU.ActiveCfg = Debug|Any CPU
		{4A001CB8-46BD-43E2-B792-58781BF461BE}.Debug|Any CPU.Build.0 = Debug|Any CPU
		{4A001CB8-46BD-43E2-B792-58781BF461BE}.Release|Any CPU.ActiveCfg = Release|Any CPU
		{4A001CB8-46BD-43E2-B792-58781BF461BE}.Release|Any CPU.Build.0 = Release|Any CPU
		{58B02522-2A1B-418F-B183-CE2831595A1F}.Debug|Any CPU.ActiveCfg = Debug|Any CPU
		{58B02522-2A1B-418F-B183-CE2831595A1F}.Debug|Any CPU.Build.0 = Debug|Any CPU
		{58B02522-2A1B-418F-B183-CE2831595A1F}.Release|Any CPU.ActiveCfg = Release|Any CPU
		{58B02522-2A1B-418F-B183-CE2831595A1F}.Release|Any CPU.Build.0 = Release|Any CPU
	EndGlobalSection
	GlobalSection(SolutionProperties) = preSolution
		HideSolutionNode = FALSE
	EndGlobalSection
	GlobalSection(ExtensibilityGlobals) = postSolution
		SolutionGuid = {98770CD5-68E7-4749-A111-A5CAC16CBA91}
	EndGlobalSection
EndGlobal
